
Microsoft Visual Studio Solution File, Format Version 12.00
# Visual Studio Version 16
VisualStudioVersion = 16.0.32407.337
MinimumVisualStudioVersion = 10.0.40219.1
Project("{FAE04EC0-301F-11D3-BF4B-00C04F79EFBC}") = "AssetsInXaml", "AssetsInXaml\AssetsInXaml.csproj", "{308B5BBE-9D8D-459C-B892-46E367A8BEAF}"
EndProject
Project("{2150E333-8FDC-42A3-9474-1A3956D46DE8}") = "Dependencies", "Dependencies", "{4B7B278F-592C-4C7B-8F13-99684A222FF0}"
EndProject
Project("{FAE04EC0-301F-11D3-BF4B-00C04F79EFBC}") = "DependencyProject", "DependencyProject\DependencyProject.csproj", "{7A4B3453-4B7B-4310-B0E5-CB9728F20173}"
EndProject
Global
	GlobalSection(SolutionConfigurationPlatforms) = preSolution
		Debug|Any CPU = Debug|Any CPU
		Release|Any CPU = Release|Any CPU
	EndGlobalSection
	GlobalSection(ProjectConfigurationPlatforms) = postSolution
		{308B5BBE-9D8D-459C-B892-46E367A8BEAF}.Debug|Any CPU.ActiveCfg = Debug|Any CPU
		{308B5BBE-9D8D-459C-B892-46E367A8BEAF}.Debug|Any CPU.Build.0 = Debug|Any CPU
		{308B5BBE-9D8D-459C-B892-46E367A8BEAF}.Release|Any CPU.ActiveCfg = Release|Any CPU
		{308B5BBE-9D8D-459C-B892-46E367A8BEAF}.Release|Any CPU.Build.0 = Release|Any CPU
		{7A4B3453-4B7B-4310-B0E5-CB9728F20173}.Debug|Any CPU.ActiveCfg = Debug|Any CPU
		{7A4B3453-4B7B-4310-B0E5-CB9728F20173}.Debug|Any CPU.Build.0 = Debug|Any CPU
		{7A4B3453-4B7B-4310-B0E5-CB9728F20173}.Release|Any CPU.ActiveCfg = Release|Any CPU
		{7A4B3453-4B7B-4310-B0E5-CB9728F20173}.Release|Any CPU.Build.0 = Release|Any CPU
	EndGlobalSection
	GlobalSection(SolutionProperties) = preSolution
		HideSolutionNode = FALSE
	EndGlobalSection
	GlobalSection(NestedProjects) = preSolution
		{7A4B3453-4B7B-4310-B0E5-CB9728F20173} = {4B7B278F-592C-4C7B-8F13-99684A222FF0}
	EndGlobalSection
	GlobalSection(ExtensibilityGlobals) = postSolution
		SolutionGuid = {BF83FD21-11F8-4BEB-9CB2-F36E54DC60E3}
	EndGlobalSection
EndGlobal
