
Microsoft Visual Studio Solution File, Format Version 12.00
# Visual Studio Version 16
VisualStudioVersion = 16.0.32407.337
MinimumVisualStudioVersion = 10.0.40219.1
Project("{FAE04EC0-301F-11D3-BF4B-00C04F79EFBC}") = "XStaticMarkupExtension", "XStaticMarkupExtension\XStaticMarkupExtension.csproj", "{CD957813-CECF-4A31-85D5-13C35A99D1C6}"
EndProject
Project("{2150E333-8FDC-42A3-9474-1A3956D46DE8}") = "Dependencies", "Dependencies", "{40D17C3F-699B-4C6C-BE3A-739DEEED6935}"
EndProject
Project("{FAE04EC0-301F-11D3-BF4B-00C04F79EFBC}") = "DependencyProject", "DependencyProject\DependencyProject.csproj", "{CF84DDDB-54F4-4483-BF81-C76AE83F2375}"
EndProject
Global
	GlobalSection(SolutionConfigurationPlatforms) = preSolution
		Debug|Any CPU = Debug|Any CPU
		Release|Any CPU = Release|Any CPU
	EndGlobalSection
	GlobalSection(ProjectConfigurationPlatforms) = postSolution
		{CD957813-CECF-4A31-85D5-13C35A99D1C6}.Debug|Any CPU.ActiveCfg = Debug|Any CPU
		{CD957813-CECF-4A31-85D5-13C35A99D1C6}.Debug|Any CPU.Build.0 = Debug|Any CPU
		{CD957813-CECF-4A31-85D5-13C35A99D1C6}.Release|Any CPU.ActiveCfg = Release|Any CPU
		{CD957813-CECF-4A31-85D5-13C35A99D1C6}.Release|Any CPU.Build.0 = Release|Any CPU
		{CF84DDDB-54F4-4483-BF81-C76AE83F2375}.Debug|Any CPU.ActiveCfg = Debug|Any CPU
		{CF84DDDB-54F4-4483-BF81-C76AE83F2375}.Debug|Any CPU.Build.0 = Debug|Any CPU
		{CF84DDDB-54F4-4483-BF81-C76AE83F2375}.Release|Any CPU.ActiveCfg = Release|Any CPU
		{CF84DDDB-54F4-4483-BF81-C76AE83F2375}.Release|Any CPU.Build.0 = Release|Any CPU
	EndGlobalSection
	GlobalSection(SolutionProperties) = preSolution
		HideSolutionNode = FALSE
	EndGlobalSection
	GlobalSection(NestedProjects) = preSolution
		{CF84DDDB-54F4-4483-BF81-C76AE83F2375} = {40D17C3F-699B-4C6C-BE3A-739DEEED6935}
	EndGlobalSection
	GlobalSection(ExtensibilityGlobals) = postSolution
		SolutionGuid = {DFA1F19E-B1DA-4E1D-8181-AD42B041C51E}
	EndGlobalSection
EndGlobal
