
Microsoft Visual Studio Solution File, Format Version 12.00
# Visual Studio Version 16
VisualStudioVersion = 16.0.32407.337
MinimumVisualStudioVersion = 10.0.40219.1
Project("{FAE04EC0-301F-11D3-BF4B-00C04F79EFBC}") = "UserControlSample", "UserControlSample\UserControlSample.csproj", "{A1D379E0-0EE2-4A19-9AC6-72557B419A77}"
EndProject
Global
	GlobalSection(SolutionConfigurationPlatforms) = preSolution
		Debug|Any CPU = Debug|Any CPU
		Release|Any CPU = Release|Any CPU
	EndGlobalSection
	GlobalSection(ProjectConfigurationPlatforms) = postSolution
		{A1D379E0-0EE2-4A19-9AC6-72557B419A77}.Debug|Any CPU.ActiveCfg = Debug|Any CPU
		{A1D379E0-0EE2-4A19-9AC6-72557B419A77}.Debug|Any CPU.Build.0 = Debug|Any CPU
		{A1D379E0-0EE2-4A19-9AC6-72557B419A77}.Release|Any CPU.ActiveCfg = Release|Any CPU
		{A1D379E0-0EE2-4A19-9AC6-72557B419A77}.Release|Any CPU.Build.0 = Release|Any CPU
	EndGlobalSection
	GlobalSection(SolutionProperties) = preSolution
		HideSolutionNode = FALSE
	EndGlobalSection
	GlobalSection(ExtensibilityGlobals) = postSolution
		SolutionGuid = {5AB39A60-A3DC-4DCA-A824-ACBAC3F5CBE2}
	EndGlobalSection
EndGlobal
