
Microsoft Visual Studio Solution File, Format Version 12.00
# Visual Studio Version 16
VisualStudioVersion = 16.0.32407.337
MinimumVisualStudioVersion = 10.0.40219.1
Project("{FAE04EC0-301F-11D3-BF4B-00C04F79EFBC}") = "AccessProperties", "AccessProperties\AccessProperties.csproj", "{52BCD91E-35D0-4DC4-9DA3-495670A9020E}"
EndProject
Global
	GlobalSection(SolutionConfigurationPlatforms) = preSolution
		Debug|Any CPU = Debug|Any CPU
		Release|Any CPU = Release|Any CPU
	EndGlobalSection
	GlobalSection(ProjectConfigurationPlatforms) = postSolution
		{52BCD91E-35D0-4DC4-9DA3-495670A9020E}.Debug|Any CPU.ActiveCfg = Debug|Any CPU
		{52BCD91E-35D0-4DC4-9DA3-495670A9020E}.Debug|Any CPU.Build.0 = Debug|Any CPU
		{52BCD91E-35D0-4DC4-9DA3-495670A9020E}.Release|Any CPU.ActiveCfg = Release|Any CPU
		{52BCD91E-35D0-4DC4-9DA3-495670A9020E}.Release|Any CPU.Build.0 = Release|Any CPU
	EndGlobalSection
	GlobalSection(SolutionProperties) = preSolution
		HideSolutionNode = FALSE
	EndGlobalSection
	GlobalSection(ExtensibilityGlobals) = postSolution
		SolutionGuid = {113A96A4-D016-4128-BAEA-772008453CFA}
	EndGlobalSection
EndGlobal
