
Microsoft Visual Studio Solution File, Format Version 12.00
# Visual Studio Version 16
VisualStudioVersion = 16.0.32407.337
MinimumVisualStudioVersion = 10.0.40219.1
Project("{FAE04EC0-301F-11D3-BF4B-00C04F79EFBC}") = "MultipleResourse", "MultipleResourse\MultipleResourse.csproj", "{ED3ABB98-B537-4B66-BED9-7B4D3EFC14AD}"
EndProject
Project("{2150E333-8FDC-42A3-9474-1A3956D46DE8}") = "Dependencies", "Dependencies", "{AC7F7EF3-9976-4A19-9EBE-672ACCBB8F5F}"
EndProject
Project("{FAE04EC0-301F-11D3-BF4B-00C04F79EFBC}") = "DependencyProject", "DependencyProject\DependencyProject.csproj", "{4569B029-4F8A-4A4A-A648-654DC71043E6}"
EndProject
Global
	GlobalSection(SolutionConfigurationPlatforms) = preSolution
		Debug|Any CPU = Debug|Any CPU
		Release|Any CPU = Release|Any CPU
	EndGlobalSection
	GlobalSection(ProjectConfigurationPlatforms) = postSolution
		{ED3ABB98-B537-4B66-BED9-7B4D3EFC14AD}.Debug|Any CPU.ActiveCfg = Debug|Any CPU
		{ED3ABB98-B537-4B66-BED9-7B4D3EFC14AD}.Debug|Any CPU.Build.0 = Debug|Any CPU
		{ED3ABB98-B537-4B66-BED9-7B4D3EFC14AD}.Release|Any CPU.ActiveCfg = Release|Any CPU
		{ED3ABB98-B537-4B66-BED9-7B4D3EFC14AD}.Release|Any CPU.Build.0 = Release|Any CPU
		{4569B029-4F8A-4A4A-A648-654DC71043E6}.Debug|Any CPU.ActiveCfg = Debug|Any CPU
		{4569B029-4F8A-4A4A-A648-654DC71043E6}.Debug|Any CPU.Build.0 = Debug|Any CPU
		{4569B029-4F8A-4A4A-A648-654DC71043E6}.Release|Any CPU.ActiveCfg = Release|Any CPU
		{4569B029-4F8A-4A4A-A648-654DC71043E6}.Release|Any CPU.Build.0 = Release|Any CPU
	EndGlobalSection
	GlobalSection(SolutionProperties) = preSolution
		HideSolutionNode = FALSE
	EndGlobalSection
	GlobalSection(NestedProjects) = preSolution
		{4569B029-4F8A-4A4A-A648-654DC71043E6} = {AC7F7EF3-9976-4A19-9EBE-672ACCBB8F5F}
	EndGlobalSection
	GlobalSection(ExtensibilityGlobals) = postSolution
		SolutionGuid = {73D9C707-007B-4ED7-8447-238D60E9F8F4}
	EndGlobalSection
EndGlobal
