
Microsoft Visual Studio Solution File, Format Version 12.00
# Visual Studio Version 16
VisualStudioVersion = 16.0.32407.337
MinimumVisualStudioVersion = 10.0.40219.1
Project("{FAE04EC0-301F-11D3-BF4B-00C04F79EFBC}") = "ItemsPresenter", "ItemsPresenter\ItemsPresenter.csproj", "{BC664290-BD41-4EC5-9094-EEED4C5CFA7B}"
EndProject
Global
	GlobalSection(SolutionConfigurationPlatforms) = preSolution
		Debug|Any CPU = Debug|Any CPU
		Release|Any CPU = Release|Any CPU
	EndGlobalSection
	GlobalSection(ProjectConfigurationPlatforms) = postSolution
		{BC664290-BD41-4EC5-9094-EEED4C5CFA7B}.Debug|Any CPU.ActiveCfg = Debug|Any CPU
		{BC664290-BD41-4EC5-9094-EEED4C5CFA7B}.Debug|Any CPU.Build.0 = Debug|Any CPU
		{BC664290-BD41-4EC5-9094-EEED4C5CFA7B}.Release|Any CPU.ActiveCfg = Release|Any CPU
		{BC664290-BD41-4EC5-9094-EEED4C5CFA7B}.Release|Any CPU.Build.0 = Release|Any CPU
	EndGlobalSection
	GlobalSection(SolutionProperties) = preSolution
		HideSolutionNode = FALSE
	EndGlobalSection
	GlobalSection(ExtensibilityGlobals) = postSolution
		SolutionGuid = {DDBECC2E-6084-466C-A24D-B9B7A410E790}
	EndGlobalSection
EndGlobal
